
Microsoft Visual Studio Solution File, Format Version 12.00
# Visual Studio Version 16
VisualStudioVersion = 16.0.31727.386
MinimumVisualStudioVersion = 10.0.40219.1
Project("{FAE04EC0-301F-11D3-BF4B-00C04F79EFBC}") = "1-PrimeiroProjeto", "1-PrimeiroProjeto\1-PrimeiroProjeto.csproj", "{8D5B5AA2-BDE4-4C0B-8959-949A4135EA7D}"
EndProject
Project("{FAE04EC0-301F-11D3-BF4B-00C04F79EFBC}") = "2 - CriandoVariaveis", "2 - CriandoVariaveis\2 - CriandoVariaveis.csproj", "{50F26266-5E58-45D7-B9B6-5144B179F4D3}"
EndProject
Project("{FAE04EC0-301F-11D3-BF4B-00C04F79EFBC}") = "3 - CriandoVariaveisPontoFlutuante", "3 - CriandoVariaveisPontoFlutuante\3 - CriandoVariaveisPontoFlutuante.csproj", "{81AFF472-AFF8-40D4-9E65-AD454F181897}"
EndProject
Project("{FAE04EC0-301F-11D3-BF4B-00C04F79EFBC}") = "4-ConversoesEOutrosTiposNumericos", "4-ConversoesEOutrosTiposNumericos\4-ConversoesEOutrosTiposNumericos.csproj", "{2710D5D8-1C23-4085-8A3E-E4D51ABE934F}"
EndProject
Project("{FAE04EC0-301F-11D3-BF4B-00C04F79EFBC}") = "5-CaracteresETextos", "5-CaracteresETextos\5-CaracteresETextos.csproj", "{C9B727F2-901A-4BA4-A026-702B8260BE83}"
EndProject
Project("{FAE04EC0-301F-11D3-BF4B-00C04F79EFBC}") = "6-AtribuicoesDeVariaveis", "6-AtribuicoesDeVariaveis\6-AtribuicoesDeVariaveis.csproj", "{12D9386B-10A8-43BF-B9BD-0436A45F8C20}"
EndProject
Project("{FAE04EC0-301F-11D3-BF4B-00C04F79EFBC}") = "7-Condicionais", "7-Condicionais\7-Condicionais.csproj", "{635DA9D0-267E-4501-A039-DE956FBBBCFB}"
EndProject
Project("{FAE04EC0-301F-11D3-BF4B-00C04F79EFBC}") = "8-Condicionais2", "8-Condicionais2\8-Condicionais2.csproj", "{C062A3DE-6AB5-4F76-98A0-CEA7C80C1981}"
EndProject
Project("{FAE04EC0-301F-11D3-BF4B-00C04F79EFBC}") = "9-Escopo", "9-Escopo\9-Escopo.csproj", "{E4A86051-F0A9-4413-85EF-6697C456EAB7}"
EndProject
Project("{FAE04EC0-301F-11D3-BF4B-00C04F79EFBC}") = "P10-Comando Switch", "10-Comando Switch\P10-Comando Switch.csproj", "{10F1F763-F755-4EF0-841E-564B76970784}"
EndProject
Project("{FAE04EC0-301F-11D3-BF4B-00C04F79EFBC}") = "P11-CalculaPoupanca", "11-CalculaPoupanca\P11-CalculaPoupanca.csproj", "{DFDF0353-A4F0-4026-8FA7-FF738B2E771D}"
EndProject
Project("{FAE04EC0-301F-11D3-BF4B-00C04F79EFBC}") = "P12-CalculadoraPoupanca2", "P12-CalculadoraPoupanca2\P12-CalculadoraPoupanca2.csproj", "{9FF3BC72-C84C-4990-9375-92E9BE5132A3}"
EndProject
Project("{FAE04EC0-301F-11D3-BF4B-00C04F79EFBC}") = "P13-CalculaInvestimentoLongoPrazo", "13-CalculaInvestimentoLongoPrazo\P13-CalculaInvestimentoLongoPrazo.csproj", "{08320D76-0950-4184-83D8-ED532BE5402D}"
EndProject
Project("{FAE04EC0-301F-11D3-BF4B-00C04F79EFBC}") = "P14-ForEncadeado", "P14-CalculadoraInvestimentoLongoPrazo\P14-ForEncadeado.csproj", "{34B648A8-654D-47C9-99FB-62E1E122AB70}"
EndProject
Project("{FAE04EC0-301F-11D3-BF4B-00C04F79EFBC}") = "MÚLTIPLOSDE3", "MÚLTIPLOSDE3\MÚLTIPLOSDE3.csproj", "{88B1B1F1-C2D2-465D-8449-8172DA0EC959}"
EndProject
Project("{FAE04EC0-301F-11D3-BF4B-00C04F79EFBC}") = "P17-Fatorial", "P17-Fatorial\P17-Fatorial.csproj", "{25D71A19-7100-4B8C-9C59-606744DA1E9D}"
EndProject
Global
	GlobalSection(SolutionConfigurationPlatforms) = preSolution
		Debug|Any CPU = Debug|Any CPU
		Release|Any CPU = Release|Any CPU
	EndGlobalSection
	GlobalSection(ProjectConfigurationPlatforms) = postSolution
		{8D5B5AA2-BDE4-4C0B-8959-949A4135EA7D}.Debug|Any CPU.ActiveCfg = Debug|Any CPU
		{8D5B5AA2-BDE4-4C0B-8959-949A4135EA7D}.Debug|Any CPU.Build.0 = Debug|Any CPU
		{8D5B5AA2-BDE4-4C0B-8959-949A4135EA7D}.Release|Any CPU.ActiveCfg = Release|Any CPU
		{8D5B5AA2-BDE4-4C0B-8959-949A4135EA7D}.Release|Any CPU.Build.0 = Release|Any CPU
		{50F26266-5E58-45D7-B9B6-5144B179F4D3}.Debug|Any CPU.ActiveCfg = Debug|Any CPU
		{50F26266-5E58-45D7-B9B6-5144B179F4D3}.Debug|Any CPU.Build.0 = Debug|Any CPU
		{50F26266-5E58-45D7-B9B6-5144B179F4D3}.Release|Any CPU.ActiveCfg = Release|Any CPU
		{50F26266-5E58-45D7-B9B6-5144B179F4D3}.Release|Any CPU.Build.0 = Release|Any CPU
		{81AFF472-AFF8-40D4-9E65-AD454F181897}.Debug|Any CPU.ActiveCfg = Debug|Any CPU
		{81AFF472-AFF8-40D4-9E65-AD454F181897}.Debug|Any CPU.Build.0 = Debug|Any CPU
		{81AFF472-AFF8-40D4-9E65-AD454F181897}.Release|Any CPU.ActiveCfg = Release|Any CPU
		{81AFF472-AFF8-40D4-9E65-AD454F181897}.Release|Any CPU.Build.0 = Release|Any CPU
		{2710D5D8-1C23-4085-8A3E-E4D51ABE934F}.Debug|Any CPU.ActiveCfg = Debug|Any CPU
		{2710D5D8-1C23-4085-8A3E-E4D51ABE934F}.Debug|Any CPU.Build.0 = Debug|Any CPU
		{2710D5D8-1C23-4085-8A3E-E4D51ABE934F}.Release|Any CPU.ActiveCfg = Release|Any CPU
		{2710D5D8-1C23-4085-8A3E-E4D51ABE934F}.Release|Any CPU.Build.0 = Release|Any CPU
		{C9B727F2-901A-4BA4-A026-702B8260BE83}.Debug|Any CPU.ActiveCfg = Debug|Any CPU
		{C9B727F2-901A-4BA4-A026-702B8260BE83}.Debug|Any CPU.Build.0 = Debug|Any CPU
		{C9B727F2-901A-4BA4-A026-702B8260BE83}.Release|Any CPU.ActiveCfg = Release|Any CPU
		{C9B727F2-901A-4BA4-A026-702B8260BE83}.Release|Any CPU.Build.0 = Release|Any CPU
		{12D9386B-10A8-43BF-B9BD-0436A45F8C20}.Debug|Any CPU.ActiveCfg = Debug|Any CPU
		{12D9386B-10A8-43BF-B9BD-0436A45F8C20}.Debug|Any CPU.Build.0 = Debug|Any CPU
		{12D9386B-10A8-43BF-B9BD-0436A45F8C20}.Release|Any CPU.ActiveCfg = Release|Any CPU
		{12D9386B-10A8-43BF-B9BD-0436A45F8C20}.Release|Any CPU.Build.0 = Release|Any CPU
		{635DA9D0-267E-4501-A039-DE956FBBBCFB}.Debug|Any CPU.ActiveCfg = Debug|Any CPU
		{635DA9D0-267E-4501-A039-DE956FBBBCFB}.Debug|Any CPU.Build.0 = Debug|Any CPU
		{635DA9D0-267E-4501-A039-DE956FBBBCFB}.Release|Any CPU.ActiveCfg = Release|Any CPU
		{635DA9D0-267E-4501-A039-DE956FBBBCFB}.Release|Any CPU.Build.0 = Release|Any CPU
		{C062A3DE-6AB5-4F76-98A0-CEA7C80C1981}.Debug|Any CPU.ActiveCfg = Debug|Any CPU
		{C062A3DE-6AB5-4F76-98A0-CEA7C80C1981}.Debug|Any CPU.Build.0 = Debug|Any CPU
		{C062A3DE-6AB5-4F76-98A0-CEA7C80C1981}.Release|Any CPU.ActiveCfg = Release|Any CPU
		{C062A3DE-6AB5-4F76-98A0-CEA7C80C1981}.Release|Any CPU.Build.0 = Release|Any CPU
		{E4A86051-F0A9-4413-85EF-6697C456EAB7}.Debug|Any CPU.ActiveCfg = Debug|Any CPU
		{E4A86051-F0A9-4413-85EF-6697C456EAB7}.Debug|Any CPU.Build.0 = Debug|Any CPU
		{E4A86051-F0A9-4413-85EF-6697C456EAB7}.Release|Any CPU.ActiveCfg = Release|Any CPU
		{E4A86051-F0A9-4413-85EF-6697C456EAB7}.Release|Any CPU.Build.0 = Release|Any CPU
		{10F1F763-F755-4EF0-841E-564B76970784}.Debug|Any CPU.ActiveCfg = Debug|Any CPU
		{10F1F763-F755-4EF0-841E-564B76970784}.Debug|Any CPU.Build.0 = Debug|Any CPU
		{10F1F763-F755-4EF0-841E-564B76970784}.Release|Any CPU.ActiveCfg = Release|Any CPU
		{10F1F763-F755-4EF0-841E-564B76970784}.Release|Any CPU.Build.0 = Release|Any CPU
		{DFDF0353-A4F0-4026-8FA7-FF738B2E771D}.Debug|Any CPU.ActiveCfg = Debug|Any CPU
		{DFDF0353-A4F0-4026-8FA7-FF738B2E771D}.Debug|Any CPU.Build.0 = Debug|Any CPU
		{DFDF0353-A4F0-4026-8FA7-FF738B2E771D}.Release|Any CPU.ActiveCfg = Release|Any CPU
		{DFDF0353-A4F0-4026-8FA7-FF738B2E771D}.Release|Any CPU.Build.0 = Release|Any CPU
		{9FF3BC72-C84C-4990-9375-92E9BE5132A3}.Debug|Any CPU.ActiveCfg = Debug|Any CPU
		{9FF3BC72-C84C-4990-9375-92E9BE5132A3}.Debug|Any CPU.Build.0 = Debug|Any CPU
		{9FF3BC72-C84C-4990-9375-92E9BE5132A3}.Release|Any CPU.ActiveCfg = Release|Any CPU
		{9FF3BC72-C84C-4990-9375-92E9BE5132A3}.Release|Any CPU.Build.0 = Release|Any CPU
		{08320D76-0950-4184-83D8-ED532BE5402D}.Debug|Any CPU.ActiveCfg = Debug|Any CPU
		{08320D76-0950-4184-83D8-ED532BE5402D}.Debug|Any CPU.Build.0 = Debug|Any CPU
		{08320D76-0950-4184-83D8-ED532BE5402D}.Release|Any CPU.ActiveCfg = Release|Any CPU
		{08320D76-0950-4184-83D8-ED532BE5402D}.Release|Any CPU.Build.0 = Release|Any CPU
		{34B648A8-654D-47C9-99FB-62E1E122AB70}.Debug|Any CPU.ActiveCfg = Debug|Any CPU
		{34B648A8-654D-47C9-99FB-62E1E122AB70}.Debug|Any CPU.Build.0 = Debug|Any CPU
		{34B648A8-654D-47C9-99FB-62E1E122AB70}.Release|Any CPU.ActiveCfg = Release|Any CPU
		{34B648A8-654D-47C9-99FB-62E1E122AB70}.Release|Any CPU.Build.0 = Release|Any CPU
		{88B1B1F1-C2D2-465D-8449-8172DA0EC959}.Debug|Any CPU.ActiveCfg = Debug|Any CPU
		{88B1B1F1-C2D2-465D-8449-8172DA0EC959}.Debug|Any CPU.Build.0 = Debug|Any CPU
		{88B1B1F1-C2D2-465D-8449-8172DA0EC959}.Release|Any CPU.ActiveCfg = Release|Any CPU
		{88B1B1F1-C2D2-465D-8449-8172DA0EC959}.Release|Any CPU.Build.0 = Release|Any CPU
		{25D71A19-7100-4B8C-9C59-606744DA1E9D}.Debug|Any CPU.ActiveCfg = Debug|Any CPU
		{25D71A19-7100-4B8C-9C59-606744DA1E9D}.Debug|Any CPU.Build.0 = Debug|Any CPU
		{25D71A19-7100-4B8C-9C59-606744DA1E9D}.Release|Any CPU.ActiveCfg = Release|Any CPU
		{25D71A19-7100-4B8C-9C59-606744DA1E9D}.Release|Any CPU.Build.0 = Release|Any CPU
	EndGlobalSection
	GlobalSection(SolutionProperties) = preSolution
		HideSolutionNode = FALSE
	EndGlobalSection
	GlobalSection(ExtensibilityGlobals) = postSolution
		SolutionGuid = {7BC78899-B343-4DDE-8506-496883ABCFB9}
	EndGlobalSection
EndGlobal
